{
  "name": "multi-tenant-chatbot-using-rag-with-amazon-bedrock",
  "lockfileVersion": 3,
  "requires": true,
  "packages": {
    "": {
      "dependencies": {
        "yum": "^0.0.1"
      }
    },
    "node_modules/yum": {
      "version": "0.0.1",
      "resolved": "https://registry.npmjs.org/yum/-/yum-0.0.1.tgz",
      "integrity": "sha512-gxp3qyUWItabHM0MPsrwFEyU96WEA66yLtVJv4NSpXz4RIbeDTm1VoBgdah73r57hsjVDJLnBSh011hYNGaB4w=="
    }
  }
}
